
Microsoft Visual Studio Solution File, Format Version 12.00
# Visual Studio 14
VisualStudioVersion = 14.0.25123.0
MinimumVisualStudioVersion = 10.0.40219.1
Project("{F2A71F9B-5D33-465A-A702-920D77279786}") = "PathFinding", "PathFinding\PathFinding.fsproj", "{B3290867-8E57-4F1D-B0CB-D65426EB96D5}"
EndProject
Project("{F2A71F9B-5D33-465A-A702-920D77279786}") = "PathFindingTest", "PathFindingTest\PathFindingTest.fsproj", "{ED504D7B-46C2-43AF-A80A-FF49EF3F9A5B}"
EndProject
Project("{F2A71F9B-5D33-465A-A702-920D77279786}") = "Shipping", "Shipping\Shipping.fsproj", "{94A61712-E2D6-44F9-B5F6-D66D5EF22973}"
EndProject
Global
	GlobalSection(SolutionConfigurationPlatforms) = preSolution
		Debug|Any CPU = Debug|Any CPU
		Release|Any CPU = Release|Any CPU
	EndGlobalSection
	GlobalSection(ProjectConfigurationPlatforms) = postSolution
		{B3290867-8E57-4F1D-B0CB-D65426EB96D5}.Debug|Any CPU.ActiveCfg = Debug|Any CPU
		{B3290867-8E57-4F1D-B0CB-D65426EB96D5}.Debug|Any CPU.Build.0 = Debug|Any CPU
		{B3290867-8E57-4F1D-B0CB-D65426EB96D5}.Release|Any CPU.ActiveCfg = Release|Any CPU
		{B3290867-8E57-4F1D-B0CB-D65426EB96D5}.Release|Any CPU.Build.0 = Release|Any CPU
		{ED504D7B-46C2-43AF-A80A-FF49EF3F9A5B}.Debug|Any CPU.ActiveCfg = Debug|Any CPU
		{ED504D7B-46C2-43AF-A80A-FF49EF3F9A5B}.Debug|Any CPU.Build.0 = Debug|Any CPU
		{ED504D7B-46C2-43AF-A80A-FF49EF3F9A5B}.Release|Any CPU.ActiveCfg = Release|Any CPU
		{ED504D7B-46C2-43AF-A80A-FF49EF3F9A5B}.Release|Any CPU.Build.0 = Release|Any CPU
		{94A61712-E2D6-44F9-B5F6-D66D5EF22973}.Debug|Any CPU.ActiveCfg = Debug|Any CPU
		{94A61712-E2D6-44F9-B5F6-D66D5EF22973}.Debug|Any CPU.Build.0 = Debug|Any CPU
		{94A61712-E2D6-44F9-B5F6-D66D5EF22973}.Release|Any CPU.ActiveCfg = Release|Any CPU
		{94A61712-E2D6-44F9-B5F6-D66D5EF22973}.Release|Any CPU.Build.0 = Release|Any CPU
	EndGlobalSection
	GlobalSection(SolutionProperties) = preSolution
		HideSolutionNode = FALSE
	EndGlobalSection
EndGlobal
